
Microsoft Visual Studio Solution File, Format Version 12.00
# Visual Studio 15
VisualStudioVersion = 15.0.26730.10
MinimumVisualStudioVersion = 10.0.40219.1
Project("{2150E333-8FDC-42A3-9474-1A3956D46DE8}") = "Solution Items", "Solution Items", "{516915BB-AD00-46B6-ADE2-0960B04FE61E}"
	ProjectSection(SolutionItems) = preProject
		.gitattributes = .gitattributes
		.gitignore = .gitignore
	EndProjectSection
EndProject
Project("{9A19103F-16F7-4668-BE54-9A1E7A4F7556}") = "Solid.Testing.Core", "Solid.Testing.Core\Solid.Testing.Core.csproj", "{2E523906-EE8F-49EF-8530-ACD57FDD7AF3}"
EndProject
Project("{2150E333-8FDC-42A3-9474-1A3956D46DE8}") = "Extensions", "Extensions", "{1B0D7DE1-EAF4-42D9-ADD1-4B390A56A27D}"
EndProject
Project("{FAE04EC0-301F-11D3-BF4B-00C04F79EFBC}") = "Solid.Testing.Extensions.MsTest", "Extensions\Solid.Testing.Extensions.MsTest\Solid.Testing.Extensions.MsTest.csproj", "{01E86165-C506-4986-8238-4E3AE2598D6A}"
EndProject
Project("{FAE04EC0-301F-11D3-BF4B-00C04F79EFBC}") = "Solid.Testing.Extensions.AspNetCore", "Solid.Testing.Extensions.AspNetCore\Solid.Testing.Extensions.AspNetCore.csproj", "{7AC05B14-4085-43F7-AB00-D10C5553F5C1}"
EndProject
Project("{FAE04EC0-301F-11D3-BF4B-00C04F79EFBC}") = "Solid.Testing.Extensions.Owin", "Extensions\Solid.Testing.Extensions.Owin\Solid.Testing.Extensions.Owin.csproj", "{3119DC41-27A1-49F2-84E8-98EAA91B2C1C}"
EndProject
Project("{FAE04EC0-301F-11D3-BF4B-00C04F79EFBC}") = "Solid.Testing.Extensions.Xunit", "Extensions\Solid.Testing.Extensions.Xunit\Solid.Testing.Extensions.Xunit.csproj", "{F758A09B-95E0-4047-8479-A2FE2A8C41E7}"
EndProject
Global
	GlobalSection(SolutionConfigurationPlatforms) = preSolution
		Debug|Any CPU = Debug|Any CPU
		Release|Any CPU = Release|Any CPU
	EndGlobalSection
	GlobalSection(ProjectConfigurationPlatforms) = postSolution
		{2E523906-EE8F-49EF-8530-ACD57FDD7AF3}.Debug|Any CPU.ActiveCfg = Debug|Any CPU
		{2E523906-EE8F-49EF-8530-ACD57FDD7AF3}.Debug|Any CPU.Build.0 = Debug|Any CPU
		{2E523906-EE8F-49EF-8530-ACD57FDD7AF3}.Release|Any CPU.ActiveCfg = Release|Any CPU
		{2E523906-EE8F-49EF-8530-ACD57FDD7AF3}.Release|Any CPU.Build.0 = Release|Any CPU
		{01E86165-C506-4986-8238-4E3AE2598D6A}.Debug|Any CPU.ActiveCfg = Debug|Any CPU
		{01E86165-C506-4986-8238-4E3AE2598D6A}.Debug|Any CPU.Build.0 = Debug|Any CPU
		{01E86165-C506-4986-8238-4E3AE2598D6A}.Release|Any CPU.ActiveCfg = Release|Any CPU
		{01E86165-C506-4986-8238-4E3AE2598D6A}.Release|Any CPU.Build.0 = Release|Any CPU
		{7AC05B14-4085-43F7-AB00-D10C5553F5C1}.Debug|Any CPU.ActiveCfg = Debug|Any CPU
		{7AC05B14-4085-43F7-AB00-D10C5553F5C1}.Debug|Any CPU.Build.0 = Debug|Any CPU
		{7AC05B14-4085-43F7-AB00-D10C5553F5C1}.Release|Any CPU.ActiveCfg = Release|Any CPU
		{7AC05B14-4085-43F7-AB00-D10C5553F5C1}.Release|Any CPU.Build.0 = Release|Any CPU
		{3119DC41-27A1-49F2-84E8-98EAA91B2C1C}.Debug|Any CPU.ActiveCfg = Debug|Any CPU
		{3119DC41-27A1-49F2-84E8-98EAA91B2C1C}.Debug|Any CPU.Build.0 = Debug|Any CPU
		{3119DC41-27A1-49F2-84E8-98EAA91B2C1C}.Release|Any CPU.ActiveCfg = Release|Any CPU
		{3119DC41-27A1-49F2-84E8-98EAA91B2C1C}.Release|Any CPU.Build.0 = Release|Any CPU
		{F758A09B-95E0-4047-8479-A2FE2A8C41E7}.Debug|Any CPU.ActiveCfg = Debug|Any CPU
		{F758A09B-95E0-4047-8479-A2FE2A8C41E7}.Debug|Any CPU.Build.0 = Debug|Any CPU
		{F758A09B-95E0-4047-8479-A2FE2A8C41E7}.Release|Any CPU.ActiveCfg = Release|Any CPU
		{F758A09B-95E0-4047-8479-A2FE2A8C41E7}.Release|Any CPU.Build.0 = Release|Any CPU
	EndGlobalSection
	GlobalSection(SolutionProperties) = preSolution
		HideSolutionNode = FALSE
	EndGlobalSection
	GlobalSection(NestedProjects) = preSolution
		{01E86165-C506-4986-8238-4E3AE2598D6A} = {1B0D7DE1-EAF4-42D9-ADD1-4B390A56A27D}
		{7AC05B14-4085-43F7-AB00-D10C5553F5C1} = {1B0D7DE1-EAF4-42D9-ADD1-4B390A56A27D}
		{3119DC41-27A1-49F2-84E8-98EAA91B2C1C} = {1B0D7DE1-EAF4-42D9-ADD1-4B390A56A27D}
		{F758A09B-95E0-4047-8479-A2FE2A8C41E7} = {1B0D7DE1-EAF4-42D9-ADD1-4B390A56A27D}
	EndGlobalSection
	GlobalSection(ExtensibilityGlobals) = postSolution
		SolutionGuid = {80D0C5D2-65E9-47C1-9897-CC3CB3E93CA3}
	EndGlobalSection
EndGlobal
