
Microsoft Visual Studio Solution File, Format Version 12.00
# Visual Studio 15
VisualStudioVersion = 15.0.26730.10
MinimumVisualStudioVersion = 10.0.40219.1
Project("{2150E333-8FDC-42A3-9474-1A3956D46DE8}") = "Solution Items", "Solution Items", "{516915BB-AD00-46B6-ADE2-0960B04FE61E}"
	ProjectSection(SolutionItems) = preProject
		.gitattributes = .gitattributes
		.gitignore = .gitignore
		build.ps1 = build.ps1
	EndProjectSection
EndProject
Project("{9A19103F-16F7-4668-BE54-9A1E7A4F7556}") = "Solid.Testing.Core", "Solid.Testing.Core\Solid.Testing.Core.csproj", "{2E523906-EE8F-49EF-8530-ACD57FDD7AF3}"
EndProject
Project("{2150E333-8FDC-42A3-9474-1A3956D46DE8}") = "Hosts", "Hosts", "{1B0D7DE1-EAF4-42D9-ADD1-4B390A56A27D}"
EndProject
Project("{9A19103F-16F7-4668-BE54-9A1E7A4F7556}") = "Solid.Testing.Owin", "Hosts\Solid.Testing.Owin\Solid.Testing.Owin.csproj", "{3119DC41-27A1-49F2-84E8-98EAA91B2C1C}"
EndProject
Project("{9A19103F-16F7-4668-BE54-9A1E7A4F7556}") = "Solid.Testing.AspNetCore", "Hosts\Solid.Testing.AspNetCore\Solid.Testing.AspNetCore.csproj", "{B1CA5F1D-B031-4A94-993C-A829A4C79C76}"
EndProject
Project("{9A19103F-16F7-4668-BE54-9A1E7A4F7556}") = "Solid.Testing.Abstractions", "Solid.Testing.Abstractions\Solid.Testing.Abstractions.csproj", "{3646734E-4DC0-450E-A659-4FFBD205BE1A}"
EndProject
Project("{2150E333-8FDC-42A3-9474-1A3956D46DE8}") = "Tests", "Tests", "{C9D75022-37A5-47A3-8D3A-44E97DF5CCC2}"
EndProject
Project("{9A19103F-16F7-4668-BE54-9A1E7A4F7556}") = "Solid.Testing.AspNetCore.Extensions.Https", "Hosts\Solid.Testing.AspNetCore.Extensions.Https\Solid.Testing.AspNetCore.Extensions.Https.csproj", "{3BD2D6D3-E5E3-4377-9870-8F820FC6B36A}"
EndProject
Project("{FAE04EC0-301F-11D3-BF4B-00C04F79EFBC}") = "Solid.Testing.AspNetCore.Extensions.Https.Tests (netcoreapp2.0)", "Tests\Solid.Testing.AspNetCore.Extensions.Https.Tests (netcoreapp2.0)\Solid.Testing.AspNetCore.Extensions.Https.Tests (netcoreapp2.0).csproj", "{2BCFAC0A-65A8-4145-837E-25F37AF7986C}"
EndProject
Project("{FAE04EC0-301F-11D3-BF4B-00C04F79EFBC}") = "Solid.Testing.AspNetCore.Extensions.Https.Tests (net472)", "Tests\Solid.Testing.AspNetCore.Extensions.Https.Tests (net472)\Solid.Testing.AspNetCore.Extensions.Https.Tests (net472).csproj", "{5C8F0837-DD43-4991-9329-7CE6C8B62B4E}"
EndProject
Global
	GlobalSection(SolutionConfigurationPlatforms) = preSolution
		Debug|Any CPU = Debug|Any CPU
		Release|Any CPU = Release|Any CPU
	EndGlobalSection
	GlobalSection(ProjectConfigurationPlatforms) = postSolution
		{2E523906-EE8F-49EF-8530-ACD57FDD7AF3}.Debug|Any CPU.ActiveCfg = Debug|Any CPU
		{2E523906-EE8F-49EF-8530-ACD57FDD7AF3}.Debug|Any CPU.Build.0 = Debug|Any CPU
		{2E523906-EE8F-49EF-8530-ACD57FDD7AF3}.Release|Any CPU.ActiveCfg = Release|Any CPU
		{2E523906-EE8F-49EF-8530-ACD57FDD7AF3}.Release|Any CPU.Build.0 = Release|Any CPU
		{3119DC41-27A1-49F2-84E8-98EAA91B2C1C}.Debug|Any CPU.ActiveCfg = Debug|Any CPU
		{3119DC41-27A1-49F2-84E8-98EAA91B2C1C}.Debug|Any CPU.Build.0 = Debug|Any CPU
		{3119DC41-27A1-49F2-84E8-98EAA91B2C1C}.Release|Any CPU.ActiveCfg = Release|Any CPU
		{3119DC41-27A1-49F2-84E8-98EAA91B2C1C}.Release|Any CPU.Build.0 = Release|Any CPU
		{B1CA5F1D-B031-4A94-993C-A829A4C79C76}.Debug|Any CPU.ActiveCfg = Debug|Any CPU
		{B1CA5F1D-B031-4A94-993C-A829A4C79C76}.Debug|Any CPU.Build.0 = Debug|Any CPU
		{B1CA5F1D-B031-4A94-993C-A829A4C79C76}.Release|Any CPU.ActiveCfg = Release|Any CPU
		{B1CA5F1D-B031-4A94-993C-A829A4C79C76}.Release|Any CPU.Build.0 = Release|Any CPU
		{3646734E-4DC0-450E-A659-4FFBD205BE1A}.Debug|Any CPU.ActiveCfg = Debug|Any CPU
		{3646734E-4DC0-450E-A659-4FFBD205BE1A}.Debug|Any CPU.Build.0 = Debug|Any CPU
		{3646734E-4DC0-450E-A659-4FFBD205BE1A}.Release|Any CPU.ActiveCfg = Release|Any CPU
		{3646734E-4DC0-450E-A659-4FFBD205BE1A}.Release|Any CPU.Build.0 = Release|Any CPU
		{3BD2D6D3-E5E3-4377-9870-8F820FC6B36A}.Debug|Any CPU.ActiveCfg = Debug|Any CPU
		{3BD2D6D3-E5E3-4377-9870-8F820FC6B36A}.Debug|Any CPU.Build.0 = Debug|Any CPU
		{3BD2D6D3-E5E3-4377-9870-8F820FC6B36A}.Release|Any CPU.ActiveCfg = Release|Any CPU
		{3BD2D6D3-E5E3-4377-9870-8F820FC6B36A}.Release|Any CPU.Build.0 = Release|Any CPU
		{2BCFAC0A-65A8-4145-837E-25F37AF7986C}.Debug|Any CPU.ActiveCfg = Debug|Any CPU
		{2BCFAC0A-65A8-4145-837E-25F37AF7986C}.Debug|Any CPU.Build.0 = Debug|Any CPU
		{2BCFAC0A-65A8-4145-837E-25F37AF7986C}.Release|Any CPU.ActiveCfg = Release|Any CPU
		{2BCFAC0A-65A8-4145-837E-25F37AF7986C}.Release|Any CPU.Build.0 = Release|Any CPU
		{5C8F0837-DD43-4991-9329-7CE6C8B62B4E}.Debug|Any CPU.ActiveCfg = Debug|Any CPU
		{5C8F0837-DD43-4991-9329-7CE6C8B62B4E}.Debug|Any CPU.Build.0 = Debug|Any CPU
		{5C8F0837-DD43-4991-9329-7CE6C8B62B4E}.Release|Any CPU.ActiveCfg = Release|Any CPU
		{5C8F0837-DD43-4991-9329-7CE6C8B62B4E}.Release|Any CPU.Build.0 = Release|Any CPU
	EndGlobalSection
	GlobalSection(SolutionProperties) = preSolution
		HideSolutionNode = FALSE
	EndGlobalSection
	GlobalSection(NestedProjects) = preSolution
		{3119DC41-27A1-49F2-84E8-98EAA91B2C1C} = {1B0D7DE1-EAF4-42D9-ADD1-4B390A56A27D}
		{B1CA5F1D-B031-4A94-993C-A829A4C79C76} = {1B0D7DE1-EAF4-42D9-ADD1-4B390A56A27D}
		{3BD2D6D3-E5E3-4377-9870-8F820FC6B36A} = {1B0D7DE1-EAF4-42D9-ADD1-4B390A56A27D}
		{2BCFAC0A-65A8-4145-837E-25F37AF7986C} = {C9D75022-37A5-47A3-8D3A-44E97DF5CCC2}
		{5C8F0837-DD43-4991-9329-7CE6C8B62B4E} = {C9D75022-37A5-47A3-8D3A-44E97DF5CCC2}
	EndGlobalSection
	GlobalSection(ExtensibilityGlobals) = postSolution
		SolutionGuid = {80D0C5D2-65E9-47C1-9897-CC3CB3E93CA3}
	EndGlobalSection
EndGlobal
